
Microsoft Visual Studio Solution File, Format Version 12.00
# Visual Studio Version 17
VisualStudioVersion = 17.8.34408.163
MinimumVisualStudioVersion = 10.0.40219.1
Project("{FAE04EC0-301F-11D3-BF4B-00C04F79EFBC}") = "LR1_belov", "LR1_belov\LR1_belov.csproj", "{7D11D3D8-442A-4C6C-8BD0-5ABC5E2B65CF}"
EndProject
Project("{FAE04EC0-301F-11D3-BF4B-00C04F79EFBC}") = "LR1_belovTests", "LR1_belovTests\LR1_belovTests.csproj", "{44038BB9-DAF5-45F4-BE44-0AAFBEEC0347}"
EndProject
Global
	GlobalSection(SolutionConfigurationPlatforms) = preSolution
		Debug|Any CPU = Debug|Any CPU
		Release|Any CPU = Release|Any CPU
	EndGlobalSection
	GlobalSection(ProjectConfigurationPlatforms) = postSolution
		{7D11D3D8-442A-4C6C-8BD0-5ABC5E2B65CF}.Debug|Any CPU.ActiveCfg = Debug|Any CPU
		{7D11D3D8-442A-4C6C-8BD0-5ABC5E2B65CF}.Debug|Any CPU.Build.0 = Debug|Any CPU
		{7D11D3D8-442A-4C6C-8BD0-5ABC5E2B65CF}.Release|Any CPU.ActiveCfg = Release|Any CPU
		{7D11D3D8-442A-4C6C-8BD0-5ABC5E2B65CF}.Release|Any CPU.Build.0 = Release|Any CPU
		{44038BB9-DAF5-45F4-BE44-0AAFBEEC0347}.Debug|Any CPU.ActiveCfg = Debug|Any CPU
		{44038BB9-DAF5-45F4-BE44-0AAFBEEC0347}.Debug|Any CPU.Build.0 = Debug|Any CPU
		{44038BB9-DAF5-45F4-BE44-0AAFBEEC0347}.Release|Any CPU.ActiveCfg = Release|Any CPU
		{44038BB9-DAF5-45F4-BE44-0AAFBEEC0347}.Release|Any CPU.Build.0 = Release|Any CPU
	EndGlobalSection
	GlobalSection(SolutionProperties) = preSolution
		HideSolutionNode = FALSE
	EndGlobalSection
	GlobalSection(ExtensibilityGlobals) = postSolution
		SolutionGuid = {6A71A572-3A69-43DC-8A40-161F81FD5170}
	EndGlobalSection
EndGlobal
